<?xml version="1.0" encoding="utf-8"?>
<Project ToolsVersion="4.0" xmlns="http://schemas.microsoft.com/developer/msbuild/2003">
  <ItemGroup>
    <Filter Include="Source Files">
      <UniqueIdentifier>{4FC737F1-C7A5-4376-A066-2A32D752A2FF}</UniqueIdentifier>
      <Extensions>cpp;c;cc;cxx;def;odl;idl;hpj;bat;asm;asmx</Extensions>
    </Filter>
    <Filter Include="Header Files">
      <UniqueIdentifier>{93995380-89BD-4b04-88EB-625FBE52EBFB}</UniqueIdentifier>
      <Extensions>h;hpp;hxx;hm;inl;inc;xsd</Extensions>
    </Filter>
    <Filter Include="Resource Files">
      <UniqueIdentifier>{67DA6AB6-F800-4c08-8B7A-83BB121AAD01}</UniqueIdentifier>
      <Extensions>rc;ico;cur;bmp;dlg;rc2;rct;bin;rgs;gif;jpg;jpeg;jpe;resx;tiff;tif;png;wav;mfcribbon-ms</Extensions>
    </Filter>
  </ItemGroup>
  <ItemGroup>
    <ClCompile Include="main.cpp">
      <Filter>Source Files</Filter>
    </ClCompile>
    <ClCompile Include="Factorial_Trailing_Zeroes.cpp">
      <Filter>Source Files</Filter>
    </ClCompile>
    <ClCompile Include="Delete_Node_in_a_Linked_List.cpp">
      <Filter>Source Files</Filter>
    </ClCompile>
    <ClCompile Include="Single_Number.cpp">
      <Filter>Source Files</Filter>
    </ClCompile>
    <ClCompile Include="Contains_Duplicate.cpp">
      <Filter>Source Files</Filter>
    </ClCompile>
    <ClCompile Include="Add_Digits.cpp">
      <Filter>Source Files</Filter>
    </ClCompile>
    <ClCompile Include="Hamming_Weight.cpp">
      <Filter>Source Files</Filter>
    </ClCompile>
    <ClCompile Include="Preorder_Traversal.cpp">
      <Filter>Source Files</Filter>
    </ClCompile>
    <ClCompile Include="Inorder_Traversal.cpp">
      <Filter>Source Files</Filter>
    </ClCompile>
    <ClCompile Include="Linked_List_Cycle.cpp">
      <Filter>Source Files</Filter>
    </ClCompile>
    <ClCompile Include="Product_of_Array_Except_Self.cpp">
      <Filter>Source Files</Filter>
    </ClCompile>
    <ClCompile Include="Implement_Queue_using_Stacks.cpp">
      <Filter>Source Files</Filter>
    </ClCompile>
    <ClCompile Include="Reverse_Linked_List.cpp">
      <Filter>Source Files</Filter>
    </ClCompile>
    <ClCompile Include="Climbing_Stairs.cpp">
      <Filter>Source Files</Filter>
    </ClCompile>
    <ClCompile Include="Lowest_Common_Ancestor_of_a_Binary_Search_Tree .cpp">
      <Filter>Source Files</Filter>
    </ClCompile>
    <ClCompile Include="Lowest_Common_Ancestor_of_a_Binary_Tree.cpp">
      <Filter>Source Files</Filter>
    </ClCompile>
    <ClCompile Include="Single_Number_3.cpp">
      <Filter>Source Files</Filter>
    </ClCompile>
    <ClCompile Include="Excel_Sheet_Column_Number.cpp">
      <Filter>Source Files</Filter>
    </ClCompile>
    <ClCompile Include="Search_Insert_Position.cpp">
      <Filter>Source Files</Filter>
    </ClCompile>
    <ClCompile Include="Valid_Anagram.cpp">
      <Filter>Source Files</Filter>
    </ClCompile>
    <ClCompile Include="Symmetric_Tree.cpp">
      <Filter>Source Files</Filter>
    </ClCompile>
    <ClCompile Include="Set_Matrix_Zeroes.cpp">
      <Filter>Source Files</Filter>
    </ClCompile>
    <ClCompile Include="Power_of_Two.cpp">
      <Filter>Source Files</Filter>
    </ClCompile>
    <ClCompile Include="Single_Number_2.cpp">
      <Filter>Source Files</Filter>
    </ClCompile>
    <ClCompile Include="Remove_Duplicates_from_Sorted_List.cpp">
      <Filter>Source Files</Filter>
    </ClCompile>
    <ClCompile Include="Merge_Two_Sorted_Lists.cpp">
      <Filter>Source Files</Filter>
    </ClCompile>
    <ClCompile Include="Kth_Smallest_Element_in_a_BST.cpp">
      <Filter>Source Files</Filter>
    </ClCompile>
    <ClCompile Include="Implement_Stack_using_Queues.cpp">
      <Filter>Source Files</Filter>
    </ClCompile>
    <ClCompile Include="First_Bad_Version.cpp">
      <Filter>Source Files</Filter>
    </ClCompile>
    <ClCompile Include="Sort_Colors.cpp">
      <Filter>Source Files</Filter>
    </ClCompile>
    <ClCompile Include="Search_a_2D_Matrix.cpp">
      <Filter>Source Files</Filter>
    </ClCompile>
    <ClCompile Include="Search_a_2D_Matrix_2.cpp">
      <Filter>Source Files</Filter>
    </ClCompile>
    <ClCompile Include="Remove_Linked_List_Elements.cpp">
      <Filter>Source Files</Filter>
    </ClCompile>
    <ClCompile Include="Reverse_Integer.cpp">
      <Filter>Source Files</Filter>
    </ClCompile>
    <ClCompile Include="Largest_Number.cpp">
      <Filter>Source Files</Filter>
    </ClCompile>
    <ClCompile Include="Move_Zeroes.cpp">
      <Filter>Source Files</Filter>
    </ClCompile>
    <ClCompile Include="Excel_Sheet_Column_Title.cpp">
      <Filter>Source Files</Filter>
    </ClCompile>
    <ClCompile Include="Palindrome_Linked_List.cpp">
      <Filter>Source Files</Filter>
    </ClCompile>
    <ClCompile Include="Reorder_List.cpp">
      <Filter>Source Files</Filter>
    </ClCompile>
    <ClCompile Include="Reverse_Bits.cpp">
      <Filter>Source Files</Filter>
    </ClCompile>
    <ClCompile Include="Remove_Element.cpp">
      <Filter>Source Files</Filter>
    </ClCompile>
    <ClCompile Include="Nim_Game.cpp">
      <Filter>Source Files</Filter>
    </ClCompile>
    <ClCompile Include="Ugly_Number.cpp">
      <Filter>Source Files</Filter>
    </ClCompile>
    <ClCompile Include="Plus_One.cpp">
      <Filter>Source Files</Filter>
    </ClCompile>
    <ClCompile Include="Permutations.cpp">
      <Filter>Source Files</Filter>
    </ClCompile>
    <ClCompile Include="Swap_Nodes_in_Pairs.cpp">
      <Filter>Source Files</Filter>
    </ClCompile>
    <ClCompile Include="Combinations.cpp">
      <Filter>Source Files</Filter>
    </ClCompile>
    <ClCompile Include="Remove_Nth_Node_From_End_of_List.cpp">
      <Filter>Source Files</Filter>
    </ClCompile>
    <ClCompile Include="Compare_Version_Numbers.cpp">
      <Filter>Source Files</Filter>
    </ClCompile>
    <ClCompile Include="Valid_Parentheses.cpp">
      <Filter>Source Files</Filter>
    </ClCompile>
    <ClCompile Include="Valid_Palindrome.cpp">
      <Filter>Source Files</Filter>
    </ClCompile>
    <ClCompile Include="Palindrome_Number.cpp">
      <Filter>Source Files</Filter>
    </ClCompile>
    <ClCompile Include="Validate_Binary_Search_Tree.cpp">
      <Filter>Source Files</Filter>
    </ClCompile>
    <ClCompile Include="Pascal_Triangle.cpp">
      <Filter>Source Files</Filter>
    </ClCompile>
    <ClCompile Include="Remove_Duplicates_from_Sorted_Array.cpp">
      <Filter>Source Files</Filter>
    </ClCompile>
    <ClCompile Include="Pascal_Triangle_2.cpp">
      <Filter>Source Files</Filter>
    </ClCompile>
    <ClCompile Include="Summary_Ranges.cpp">
      <Filter>Source Files</Filter>
    </ClCompile>
    <ClCompile Include="Remove_Duplicates_from_Sorted_Array_2.cpp">
      <Filter>Source Files</Filter>
    </ClCompile>
    <ClCompile Include="Remove_Duplicates_from_Sorted_List_2.cpp">
      <Filter>Source Files</Filter>
    </ClCompile>
    <ClCompile Include="Sort_List.cpp">
      <Filter>Source Files</Filter>
    </ClCompile>
    <ClCompile Include="Insertion_Sort_List.cpp">
      <Filter>Source Files</Filter>
    </ClCompile>
    <ClCompile Include="Triangle.cpp">
      <Filter>Source Files</Filter>
    </ClCompile>
    <ClCompile Include="Rotate_Image.cpp">
      <Filter>Source Files</Filter>
    </ClCompile>
    <ClCompile Include="Reverse_Words_in_a_String.cpp">
      <Filter>Source Files</Filter>
    </ClCompile>
    <ClCompile Include="Linked_List_Cycle_2.cpp">
      <Filter>Source Files</Filter>
    </ClCompile>
    <ClCompile Include="Rectangle_Area.cpp">
      <Filter>Source Files</Filter>
    </ClCompile>
    <ClCompile Include="Unique_Binary_Search_Trees.cpp">
      <Filter>Source Files</Filter>
    </ClCompile>
    <ClCompile Include="Container_With_Most_Water.cpp">
      <Filter>Source Files</Filter>
    </ClCompile>
    <ClCompile Include="House_Robber.cpp">
      <Filter>Source Files</Filter>
    </ClCompile>
    <ClCompile Include="Spiral_Matrix.cpp">
      <Filter>Source Files</Filter>
    </ClCompile>
    <ClCompile Include="Spiral_Matrix_2.cpp">
      <Filter>Source Files</Filter>
    </ClCompile>
    <ClCompile Include="House_Robber_2.cpp">
      <Filter>Source Files</Filter>
    </ClCompile>
    <ClCompile Include="Bulls_and_Cows.cpp">
      <Filter>Source Files</Filter>
    </ClCompile>
    <ClCompile Include="Isomorphic_Strings.cpp">
      <Filter>Source Files</Filter>
    </ClCompile>
    <ClCompile Include="Rotate_Array.cpp">
      <Filter>Source Files</Filter>
    </ClCompile>
    <ClCompile Include="Rotate_List.cpp">
      <Filter>Source Files</Filter>
    </ClCompile>
    <ClCompile Include="Longest_Substring_Without_Repeating_Characters.cpp">
      <Filter>Source Files</Filter>
    </ClCompile>
    <ClCompile Include="Roman_to_Integer.cpp">
      <Filter>Source Files</Filter>
    </ClCompile>
    <ClCompile Include="Integer_to_Roman.cpp">
      <Filter>Source Files</Filter>
    </ClCompile>
    <ClCompile Include="Burst_Balloons.cpp">
      <Filter>Source Files</Filter>
    </ClCompile>
    <ClCompile Include="Maximum_Subarray.cpp">
      <Filter>Source Files</Filter>
    </ClCompile>
    <ClCompile Include="Majority_Element.cpp">
      <Filter>Source Files</Filter>
    </ClCompile>
    <ClCompile Include="Intersection_of_Two_Linked_Lists.cpp">
      <Filter>Source Files</Filter>
    </ClCompile>
    <ClCompile Include="Merge_Sorted_Array.cpp">
      <Filter>Source Files</Filter>
    </ClCompile>
    <ClCompile Include="Length_of_Last_Word.cpp">
      <Filter>Source Files</Filter>
    </ClCompile>
    <ClCompile Include="Happy_Number.cpp">
      <Filter>Source Files</Filter>
    </ClCompile>
    <ClCompile Include="Contains_Duplicate_2.cpp">
      <Filter>Source Files</Filter>
    </ClCompile>
    <ClCompile Include="Contains_Duplicate_3.cpp">
      <Filter>Source Files</Filter>
    </ClCompile>
    <ClCompile Include="Word_Pattern.cpp">
      <Filter>Source Files</Filter>
    </ClCompile>
    <ClCompile Include="Number_of_Digit_One.cpp">
      <Filter>Source Files</Filter>
    </ClCompile>
    <ClCompile Include="Count_Complete_Tree_Nodes.cpp">
      <Filter>Source Files</Filter>
    </ClCompile>
    <ClCompile Include="Simplify_Path.cpp">
      <Filter>Source Files</Filter>
    </ClCompile>
    <ClCompile Include="Best_Time_to_Buy_and_Sell_Stock.cpp">
      <Filter>Source Files</Filter>
    </ClCompile>
    <ClCompile Include="Best_Time_to_Buy_and_Sell_Stock_2.cpp">
      <Filter>Source Files</Filter>
    </ClCompile>
    <ClCompile Include="Longest_Common_Prefix.cpp">
      <Filter>Source Files</Filter>
    </ClCompile>
    <ClCompile Include="Find_Minimum_in_Rotated_Sorted_Array.cpp">
      <Filter>Source Files</Filter>
    </ClCompile>
    <ClCompile Include="Decode_Ways.cpp">
      <Filter>Source Files</Filter>
    </ClCompile>
    <ClCompile Include="Evaluate_Reverse_Polish_Notation.cpp">
      <Filter>Source Files</Filter>
    </ClCompile>
    <ClCompile Include="Majority_Element_2.cpp">
      <Filter>Source Files</Filter>
    </ClCompile>
    <ClCompile Include="Bulb_Switcher.cpp">
      <Filter>Source Files</Filter>
    </ClCompile>
    <ClCompile Include="Add_Binary.cpp">
      <Filter>Source Files</Filter>
    </ClCompile>
    <ClCompile Include="Coin_Change.cpp">
      <Filter>Source Files</Filter>
    </ClCompile>
    <ClCompile Include="Power_of_Three.cpp">
      <Filter>Source Files</Filter>
    </ClCompile>
    <ClCompile Include="House_Robber_3.cpp">
      <Filter>Source Files</Filter>
    </ClCompile>
    <ClCompile Include="Reverse_Vowels_of_a_String.cpp">
      <Filter>Source Files</Filter>
    </ClCompile>
    <ClCompile Include="Power_of_Four.cpp">
      <Filter>Source Files</Filter>
    </ClCompile>
    <ClCompile Include="Binary_Tree_Level_Order_Traversal.cpp">
      <Filter>Source Files</Filter>
    </ClCompile>
    <ClCompile Include="Path_Sum.cpp">
      <Filter>Source Files</Filter>
    </ClCompile>
    <ClCompile Include="Minimum_Depth_of_Binary_Tree.cpp">
      <Filter>Source Files</Filter>
    </ClCompile>
    <ClCompile Include="Patching_Array.cpp">
      <Filter>Source Files</Filter>
    </ClCompile>
    <ClCompile Include="Longest_Increasing_Subsequence.cpp">
      <Filter>Source Files</Filter>
    </ClCompile>
    <ClCompile Include="Maximum_Product_Subarray.cpp">
      <Filter>Source Files</Filter>
    </ClCompile>
    <ClCompile Include="Minimum_Path_Sum.cpp">
      <Filter>Source Files</Filter>
    </ClCompile>
    <ClCompile Include="Integer_Break.cpp">
      <Filter>Source Files</Filter>
    </ClCompile>
    <ClCompile Include="Missing_Number.cpp">
      <Filter>Source Files</Filter>
    </ClCompile>
    <ClCompile Include="Binary_Tree_Level_Order_Traversal_2.cpp">
      <Filter>Source Files</Filter>
    </ClCompile>
    <ClCompile Include="Binary_Tree_Paths.cpp">
      <Filter>Source Files</Filter>
    </ClCompile>
    <ClCompile Include="Convert_Sorted_List_to_Binary_Search_Tree.cpp">
      <Filter>Source Files</Filter>
    </ClCompile>
    <ClCompile Include="Convert_Sorted_Array_to_Binary_Search_Tree.cpp">
      <Filter>Source Files</Filter>
    </ClCompile>
    <ClCompile Include="Increasing_Triplet_Subsequence.cpp">
      <Filter>Source Files</Filter>
    </ClCompile>
    <ClCompile Include="Intersection_of_Two_Arrays_2.cpp">
      <Filter>Source Files</Filter>
    </ClCompile>
    <ClCompile Include="Balanced_Binary_Tree.cpp">
      <Filter>Source Files</Filter>
    </ClCompile>
    <ClCompile Include="Populating_Next_Right_Pointers_in_Each_Node.cpp">
      <Filter>Source Files</Filter>
    </ClCompile>
    <ClCompile Include="Populating_Next_Right_Pointers_in_Each_Node_2.cpp">
      <Filter>Source Files</Filter>
    </ClCompile>
    <ClCompile Include="Generate_Parentheses.cpp">
      <Filter>Source Files</Filter>
    </ClCompile>
    <ClCompile Include="Construct_Binary_Tree_from_Preorder_and_Inorder_Traversal.cpp">
      <Filter>Source Files</Filter>
    </ClCompile>
    <ClCompile Include="Counting_Bits.cpp">
      <Filter>Source Files</Filter>
    </ClCompile>
    <ClCompile Include="Word_Ladder.cpp">
      <Filter>Source Files</Filter>
    </ClCompile>
    <ClCompile Include="Flatten_Binary_Tree_to_Linked_List.cpp">
      <Filter>Source Files</Filter>
    </ClCompile>
    <ClCompile Include="Flatten_Nested_List_Iterator.cpp">
      <Filter>Source Files</Filter>
    </ClCompile>
    <ClCompile Include="Count_Numbers_with_Unique_Digits.cpp">
      <Filter>Source Files</Filter>
    </ClCompile>
    <ClCompile Include="Longest_Increasing_Path_in_a_Matrix.cpp">
      <Filter>Source Files</Filter>
    </ClCompile>
    <ClCompile Include="Maximum_Gap.cpp">
      <Filter>Source Files</Filter>
    </ClCompile>
    <ClCompile Include="Minimum_Size_Subarray_Sum.cpp">
      <Filter>Source Files</Filter>
    </ClCompile>
    <ClCompile Include="Jump_Game.cpp">
      <Filter>Source Files</Filter>
    </ClCompile>
    <ClCompile Include="Jump_Game_2.cpp">
      <Filter>Source Files</Filter>
    </ClCompile>
    <ClCompile Include="Basic_Calculator.cpp">
      <Filter>Source Files</Filter>
    </ClCompile>
    <ClCompile Include="Binary_Tree_Postorder_Traversal.cpp">
      <Filter>Source Files</Filter>
    </ClCompile>
    <ClCompile Include="Serialize_and_Deserialize_Binary_Tree.cpp">
      <Filter>Source Files</Filter>
    </ClCompile>
    <ClCompile Include="3Sum.cpp">
      <Filter>Source Files</Filter>
    </ClCompile>
    <ClCompile Include="Binary_Tree_Maximum_Path_Sum.cpp">
      <Filter>Source Files</Filter>
    </ClCompile>
    <ClCompile Include="Two_Sum.cpp">
      <Filter>Source Files</Filter>
    </ClCompile>
    <ClCompile Include="4Sum.cpp">
      <Filter>Source Files</Filter>
    </ClCompile>
    <ClCompile Include="Find_the_Duplicate_Number.cpp">
      <Filter>Source Files</Filter>
    </ClCompile>
    <ClCompile Include="Russian_Doll_Envelopes.cpp">
      <Filter>Source Files</Filter>
    </ClCompile>
    <ClCompile Include="Unique_Paths.cpp">
      <Filter>Source Files</Filter>
    </ClCompile>
    <ClCompile Include="First_Missing_Positive.cpp">
      <Filter>Source Files</Filter>
    </ClCompile>
    <ClCompile Include="Remove_Duplicate_Letters.cpp">
      <Filter>Source Files</Filter>
    </ClCompile>
    <ClCompile Include="Sum_of_Two_Integers.cpp">
      <Filter>Source Files</Filter>
    </ClCompile>
    <ClCompile Include="Top_K_Frequent_Elements.cpp">
      <Filter>Source Files</Filter>
    </ClCompile>
    <ClCompile Include="ZigZag_Conversion.cpp">
      <Filter>Source Files</Filter>
    </ClCompile>
    <ClCompile Include="Find_K_Pairs_with_Smallest_Sums.cpp">
      <Filter>Source Files</Filter>
    </ClCompile>
    <ClCompile Include="Search_in_Rotated_Sorted_Array.cpp">
      <Filter>Source Files</Filter>
    </ClCompile>
    <ClCompile Include="Best_Time_to_Buy_and_Sell_Stock_4.cpp">
      <Filter>Source Files</Filter>
    </ClCompile>
    <ClCompile Include="Self_Crossing.cpp">
      <Filter>Source Files</Filter>
    </ClCompile>
    <ClCompile Include="Median_of_Two_Sorted_Arrays.cpp">
      <Filter>Source Files</Filter>
    </ClCompile>
    <ClCompile Include="Basic_Calculator_2.cpp">
      <Filter>Source Files</Filter>
    </ClCompile>
    <ClCompile Include="Permutation_Sequence.cpp">
      <Filter>Source Files</Filter>
    </ClCompile>
    <ClCompile Include="Longest_Palindromic_Substring.cpp">
      <Filter>Source Files</Filter>
    </ClCompile>
    <ClCompile Include="Permutations_2.cpp">
      <Filter>Source Files</Filter>
    </ClCompile>
    <ClCompile Include="Subsets.cpp">
      <Filter>Source Files</Filter>
    </ClCompile>
    <ClCompile Include="Subsets_2.cpp">
      <Filter>Source Files</Filter>
    </ClCompile>
    <ClCompile Include="Next_Permutation.cpp">
      <Filter>Source Files</Filter>
    </ClCompile>
    <ClCompile Include="3Sum_Closest.cpp">
      <Filter>Source Files</Filter>
    </ClCompile>
    <ClCompile Include="Min_Stack.cpp">
      <Filter>Source Files</Filter>
    </ClCompile>
    <ClCompile Include="Find_Median_from_Data_Stream.cpp">
      <Filter>Source Files</Filter>
    </ClCompile>
    <ClCompile Include="Path_Sum_2.cpp">
      <Filter>Source Files</Filter>
    </ClCompile>
    <ClCompile Include="Maximal_Square.cpp">
      <Filter>Source Files</Filter>
    </ClCompile>
    <ClCompile Include="Ugly_Number_2.cpp">
      <Filter>Source Files</Filter>
    </ClCompile>
    <ClCompile Include="Find_the_Difference.cpp">
      <Filter>Source Files</Filter>
    </ClCompile>
    <ClCompile Include="Shuffle_an_Array.cpp">
      <Filter>Source Files</Filter>
    </ClCompile>
    <ClCompile Include="Largest_Rectangle_in_Histogram.cpp">
      <Filter>Source Files</Filter>
    </ClCompile>
    <ClCompile Include="Ransom_Note.cpp">
      <Filter>Source Files</Filter>
    </ClCompile>
    <ClCompile Include="First_Unique_Character_in_a_String.cpp">
      <Filter>Source Files</Filter>
    </ClCompile>
    <ClCompile Include="Group_Anagrams.cpp">
      <Filter>Source Files</Filter>
    </ClCompile>
    <ClCompile Include="Shortest_Palindrome.cpp">
      <Filter>Source Files</Filter>
    </ClCompile>
    <ClCompile Include="Number_of_Islands.cpp">
      <Filter>Source Files</Filter>
    </ClCompile>
    <ClCompile Include="Integer_Replacement.cpp">
      <Filter>Source Files</Filter>
    </ClCompile>
    <ClCompile Include="Two_Sum_2.cpp">
      <Filter>Source Files</Filter>
    </ClCompile>
  </ItemGroup>
  <ItemGroup>
    <ClInclude Include="ListNode.h">
      <Filter>Header Files</Filter>
    </ClInclude>
    <ClInclude Include="TreeNode.h">
      <Filter>Header Files</Filter>
    </ClInclude>
    <ClInclude Include="TreeLinkNode.h">
      <Filter>Header Files</Filter>
    </ClInclude>
  </ItemGroup>
</Project>